
Microsoft Visual Studio Solution File, Format Version 12.00
# Visual Studio Version 16
VisualStudioVersion = 16.0.31112.23
MinimumVisualStudioVersion = 10.0.40219.1
Project("{9A19103F-16F7-4668-BE54-9A1E7A4F7556}") = "ShoppingBasket", "ShoppingBasket.csproj", "{E82CDD5B-DB82-4F03-8887-2D117E337404}"
EndProject
Project("{9A19103F-16F7-4668-BE54-9A1E7A4F7556}") = "ShoppingBasketApp", "..\ShoppingBasketApp\ShoppingBasketApp.csproj", "{11C7026A-1403-41E5-8974-34AD5EE515FB}"
EndProject
Project("{FAE04EC0-301F-11D3-BF4B-00C04F79EFBC}") = "ShoppingBasketUnitTest", "..\ShoppingBasketUnitTest\ShoppingBasketUnitTest.csproj", "{B2985F03-FC4E-4F03-8EB4-0B3E2C4DAFE9}"
EndProject
Global
	GlobalSection(SolutionConfigurationPlatforms) = preSolution
		Debug|Any CPU = Debug|Any CPU
		Release|Any CPU = Release|Any CPU
	EndGlobalSection
	GlobalSection(ProjectConfigurationPlatforms) = postSolution
		{E82CDD5B-DB82-4F03-8887-2D117E337404}.Debug|Any CPU.ActiveCfg = Debug|Any CPU
		{E82CDD5B-DB82-4F03-8887-2D117E337404}.Debug|Any CPU.Build.0 = Debug|Any CPU
		{E82CDD5B-DB82-4F03-8887-2D117E337404}.Release|Any CPU.ActiveCfg = Release|Any CPU
		{E82CDD5B-DB82-4F03-8887-2D117E337404}.Release|Any CPU.Build.0 = Release|Any CPU
		{11C7026A-1403-41E5-8974-34AD5EE515FB}.Debug|Any CPU.ActiveCfg = Debug|Any CPU
		{11C7026A-1403-41E5-8974-34AD5EE515FB}.Debug|Any CPU.Build.0 = Debug|Any CPU
		{11C7026A-1403-41E5-8974-34AD5EE515FB}.Release|Any CPU.ActiveCfg = Release|Any CPU
		{11C7026A-1403-41E5-8974-34AD5EE515FB}.Release|Any CPU.Build.0 = Release|Any CPU
		{B2985F03-FC4E-4F03-8EB4-0B3E2C4DAFE9}.Debug|Any CPU.ActiveCfg = Debug|Any CPU
		{B2985F03-FC4E-4F03-8EB4-0B3E2C4DAFE9}.Debug|Any CPU.Build.0 = Debug|Any CPU
		{B2985F03-FC4E-4F03-8EB4-0B3E2C4DAFE9}.Release|Any CPU.ActiveCfg = Release|Any CPU
		{B2985F03-FC4E-4F03-8EB4-0B3E2C4DAFE9}.Release|Any CPU.Build.0 = Release|Any CPU
	EndGlobalSection
	GlobalSection(SolutionProperties) = preSolution
		HideSolutionNode = FALSE
	EndGlobalSection
	GlobalSection(ExtensibilityGlobals) = postSolution
		SolutionGuid = {3BA037C1-B1D0-4A62-935F-769B0C12F051}
	EndGlobalSection
EndGlobal
